
Microsoft Visual Studio Solution File, Format Version 12.00
# Visual Studio Version 17
VisualStudioVersion = 17.4.33213.308
MinimumVisualStudioVersion = 10.0.40219.1
Project("{8BC9CEB8-8B4A-11D0-8D11-00A0C91BC942}") = "CustomLantern", "CustomLantern\CustomLantern.vcxproj", "{0E55693C-4C31-4510-AA66-39E4AFF6ACAE}"
EndProject
Project("{9A19103F-16F7-4668-BE54-9A1E7A4F7556}") = "CustomLanternTester", "CustomLanternTester\CustomLanternTester.csproj", "{6F939A83-D456-422D-A449-6D9329961F5C}"
EndProject
Project("{9A19103F-16F7-4668-BE54-9A1E7A4F7556}") = "CustomLanternPatcher", "CustomLanternPatcher\CustomLanternPatcher.csproj", "{E6E50BCE-6236-428A-9903-7FBE00FE9A0E}"
EndProject
Project("{2150E333-8FDC-42A3-9474-1A3956D46DE8}") = "lib", "lib", "{61358C4C-C4A1-47EB-A34B-6459D0FFACAC}"
EndProject
Project("{9A19103F-16F7-4668-BE54-9A1E7A4F7556}") = "SoulsFormats", "lib\SoulsFormats\SoulsFormats\SoulsFormats.csproj", "{488040A1-0E8F-4082-963F-9ADFDB91ACB4}"
EndProject
Global
	GlobalSection(SolutionConfigurationPlatforms) = preSolution
		Debug|Any CPU = Debug|Any CPU
		Debug|x64 = Debug|x64
		Debug|x86 = Debug|x86
		Release|Any CPU = Release|Any CPU
		Release|x64 = Release|x64
		Release|x86 = Release|x86
	EndGlobalSection
	GlobalSection(ProjectConfigurationPlatforms) = postSolution
		{0E55693C-4C31-4510-AA66-39E4AFF6ACAE}.Debug|Any CPU.ActiveCfg = Debug|x64
		{0E55693C-4C31-4510-AA66-39E4AFF6ACAE}.Debug|Any CPU.Build.0 = Debug|x64
		{0E55693C-4C31-4510-AA66-39E4AFF6ACAE}.Debug|x64.ActiveCfg = Debug|x64
		{0E55693C-4C31-4510-AA66-39E4AFF6ACAE}.Debug|x64.Build.0 = Debug|x64
		{0E55693C-4C31-4510-AA66-39E4AFF6ACAE}.Debug|x86.ActiveCfg = Debug|Win32
		{0E55693C-4C31-4510-AA66-39E4AFF6ACAE}.Debug|x86.Build.0 = Debug|Win32
		{0E55693C-4C31-4510-AA66-39E4AFF6ACAE}.Release|Any CPU.ActiveCfg = Release|x64
		{0E55693C-4C31-4510-AA66-39E4AFF6ACAE}.Release|Any CPU.Build.0 = Release|x64
		{0E55693C-4C31-4510-AA66-39E4AFF6ACAE}.Release|x64.ActiveCfg = Release|x64
		{0E55693C-4C31-4510-AA66-39E4AFF6ACAE}.Release|x64.Build.0 = Release|x64
		{0E55693C-4C31-4510-AA66-39E4AFF6ACAE}.Release|x86.ActiveCfg = Release|Win32
		{0E55693C-4C31-4510-AA66-39E4AFF6ACAE}.Release|x86.Build.0 = Release|Win32
		{6F939A83-D456-422D-A449-6D9329961F5C}.Debug|Any CPU.ActiveCfg = Debug|Any CPU
		{6F939A83-D456-422D-A449-6D9329961F5C}.Debug|Any CPU.Build.0 = Debug|Any CPU
		{6F939A83-D456-422D-A449-6D9329961F5C}.Debug|x64.ActiveCfg = Debug|Any CPU
		{6F939A83-D456-422D-A449-6D9329961F5C}.Debug|x64.Build.0 = Debug|Any CPU
		{6F939A83-D456-422D-A449-6D9329961F5C}.Debug|x86.ActiveCfg = Debug|Any CPU
		{6F939A83-D456-422D-A449-6D9329961F5C}.Debug|x86.Build.0 = Debug|Any CPU
		{6F939A83-D456-422D-A449-6D9329961F5C}.Release|Any CPU.ActiveCfg = Release|Any CPU
		{6F939A83-D456-422D-A449-6D9329961F5C}.Release|Any CPU.Build.0 = Release|Any CPU
		{6F939A83-D456-422D-A449-6D9329961F5C}.Release|x64.ActiveCfg = Release|Any CPU
		{6F939A83-D456-422D-A449-6D9329961F5C}.Release|x64.Build.0 = Release|Any CPU
		{6F939A83-D456-422D-A449-6D9329961F5C}.Release|x86.ActiveCfg = Release|Any CPU
		{6F939A83-D456-422D-A449-6D9329961F5C}.Release|x86.Build.0 = Release|Any CPU
		{E6E50BCE-6236-428A-9903-7FBE00FE9A0E}.Debug|Any CPU.ActiveCfg = Debug|x64
		{E6E50BCE-6236-428A-9903-7FBE00FE9A0E}.Debug|Any CPU.Build.0 = Debug|x64
		{E6E50BCE-6236-428A-9903-7FBE00FE9A0E}.Debug|x64.ActiveCfg = Debug|x64
		{E6E50BCE-6236-428A-9903-7FBE00FE9A0E}.Debug|x64.Build.0 = Debug|x64
		{E6E50BCE-6236-428A-9903-7FBE00FE9A0E}.Debug|x86.ActiveCfg = Debug|x64
		{E6E50BCE-6236-428A-9903-7FBE00FE9A0E}.Debug|x86.Build.0 = Debug|x64
		{E6E50BCE-6236-428A-9903-7FBE00FE9A0E}.Release|Any CPU.ActiveCfg = Release|Any CPU
		{E6E50BCE-6236-428A-9903-7FBE00FE9A0E}.Release|Any CPU.Build.0 = Release|Any CPU
		{E6E50BCE-6236-428A-9903-7FBE00FE9A0E}.Release|x64.ActiveCfg = Release|x64
		{E6E50BCE-6236-428A-9903-7FBE00FE9A0E}.Release|x64.Build.0 = Release|x64
		{E6E50BCE-6236-428A-9903-7FBE00FE9A0E}.Release|x86.ActiveCfg = Release|x64
		{E6E50BCE-6236-428A-9903-7FBE00FE9A0E}.Release|x86.Build.0 = Release|x64
		{488040A1-0E8F-4082-963F-9ADFDB91ACB4}.Debug|Any CPU.ActiveCfg = Debug|x64
		{488040A1-0E8F-4082-963F-9ADFDB91ACB4}.Debug|Any CPU.Build.0 = Debug|x64
		{488040A1-0E8F-4082-963F-9ADFDB91ACB4}.Debug|x64.ActiveCfg = Debug|x64
		{488040A1-0E8F-4082-963F-9ADFDB91ACB4}.Debug|x64.Build.0 = Debug|x64
		{488040A1-0E8F-4082-963F-9ADFDB91ACB4}.Debug|x86.ActiveCfg = Debug|x64
		{488040A1-0E8F-4082-963F-9ADFDB91ACB4}.Debug|x86.Build.0 = Debug|x64
		{488040A1-0E8F-4082-963F-9ADFDB91ACB4}.Release|Any CPU.ActiveCfg = Release|x64
		{488040A1-0E8F-4082-963F-9ADFDB91ACB4}.Release|Any CPU.Build.0 = Release|x64
		{488040A1-0E8F-4082-963F-9ADFDB91ACB4}.Release|x64.ActiveCfg = Release|x64
		{488040A1-0E8F-4082-963F-9ADFDB91ACB4}.Release|x64.Build.0 = Release|x64
		{488040A1-0E8F-4082-963F-9ADFDB91ACB4}.Release|x86.ActiveCfg = Release|x64
		{488040A1-0E8F-4082-963F-9ADFDB91ACB4}.Release|x86.Build.0 = Release|x64
	EndGlobalSection
	GlobalSection(SolutionProperties) = preSolution
		HideSolutionNode = FALSE
	EndGlobalSection
	GlobalSection(NestedProjects) = preSolution
		{488040A1-0E8F-4082-963F-9ADFDB91ACB4} = {61358C4C-C4A1-47EB-A34B-6459D0FFACAC}
	EndGlobalSection
	GlobalSection(ExtensibilityGlobals) = postSolution
		SolutionGuid = {651842A8-8DB1-4992-BEB6-5A873C9FD61B}
	EndGlobalSection
EndGlobal
